
Microsoft Visual Studio Solution File, Format Version 12.00
# Visual Studio Version 16
VisualStudioVersion = 16.0.30804.86
MinimumVisualStudioVersion = 10.0.40219.1
Project("{9A19103F-16F7-4668-BE54-9A1E7A4F7556}") = "DISCORD_CHAT_DISP", "DISCORD_CHAT_DISP.csproj", "{C82B44F6-E202-44DD-A415-416AFACC7138}"
EndProject
Global
	GlobalSection(SolutionConfigurationPlatforms) = preSolution
		Debug|Any CPU = Debug|Any CPU
		Debug|x64 = Debug|x64
		Release|Any CPU = Release|Any CPU
		Release|x64 = Release|x64
	EndGlobalSection
	GlobalSection(ProjectConfigurationPlatforms) = postSolution
		{C82B44F6-E202-44DD-A415-416AFACC7138}.Debug|Any CPU.ActiveCfg = Debug|Any CPU
		{C82B44F6-E202-44DD-A415-416AFACC7138}.Debug|Any CPU.Build.0 = Debug|Any CPU
		{C82B44F6-E202-44DD-A415-416AFACC7138}.Debug|x64.ActiveCfg = Debug|x64
		{C82B44F6-E202-44DD-A415-416AFACC7138}.Debug|x64.Build.0 = Debug|x64
		{C82B44F6-E202-44DD-A415-416AFACC7138}.Release|Any CPU.ActiveCfg = Release|Any CPU
		{C82B44F6-E202-44DD-A415-416AFACC7138}.Release|Any CPU.Build.0 = Release|Any CPU
		{C82B44F6-E202-44DD-A415-416AFACC7138}.Release|x64.ActiveCfg = Release|x64
		{C82B44F6-E202-44DD-A415-416AFACC7138}.Release|x64.Build.0 = Release|x64
	EndGlobalSection
	GlobalSection(SolutionProperties) = preSolution
		HideSolutionNode = FALSE
	EndGlobalSection
	GlobalSection(ExtensibilityGlobals) = postSolution
		SolutionGuid = {0BC25333-594D-4266-89B2-7F874060C661}
	EndGlobalSection
EndGlobal
